[[package]]
category = "main"
description = "Does single char input, like C getch/getche"
name = "getch"
optional = false
python-versions = "*"
version = "1.0"

[[package]]
category = "main"
description = "Python Library for Tom's Obvious, Minimal Language"
name = "toml"
optional = false
python-versions = "*"
version = "0.10.1"

[metadata]
content-hash = "6a3b42fee720759acfb5e1fd2f45e6125424933f6f8adc33503532ac1be3f61a"
python-versions = "^3.8"

[metadata.files]
getch = [
    {file = "getch-1.0-python2.tar.gz", hash = "sha256:be451438f7a2b389f96753aea39b6ed2540a390f1b9a12badcbc110cf9a5ce7f"},
    {file = "getch-1.0.tar.gz", hash = "sha256:a6c22717c10051ce65b8fb7bddb171af705b1175e694a73be956990f6089d8b1"},
]
toml = [
    {file = "toml-0.10.1-py2.py3-none-any.whl", hash = "sha256:bda89d5935c2eac546d648028b9901107a595863cb36bae0c73ac804a9b4ce88"},
    {file = "toml-0.10.1.tar.gz", hash = "sha256:926b612be1e5ce0634a2ca03470f95169cf16f939018233a670519cb4ac58b0f"},
]
